<Solution>
  <Folder Name="/tests/">
    <Project Path="tests/Scarlet.Comet.Domain.Tests/Scarlet.Comet.Domain.Tests.csproj" />
  </Folder>
  <Project Path="Scarlet.Comet.Api/Scarlet.Comet.Api.csproj" />
  <Project Path="Scarlet.Comet.Data/Scarlet.Comet.Data.csproj" />
  <Project Path="Scarlet.Comet.Domain/Scarlet.Comet.Domain.csproj" />
</Solution>
